// !$*UTF8*$!
{
	archiveVersion = 1;
	classes = {
	};
	objectVersion = 56;
	objects = {

/* Begin PBXBuildFile section */
		8E50C1F92A4B191100FBFFB8 /* MovieDatabaseSwiftUIApp.swift in Sources */ = {isa = PBXBuildFile; fileRef = 8E50C1F82A4B191100FBFFB8 /* MovieDatabaseSwiftUIApp.swift */; };
		8E50C1FB2A4B191100FBFFB8 /* MoviesView.swift in Sources */ = {isa = PBXBuildFile; fileRef = 8E50C1FA2A4B191100FBFFB8 /* MoviesView.swift */; };
		8E50C1FD2A4B191300FBFFB8 /* Assets.xcassets in Resources */ = {isa = PBXBuildFile; fileRef = 8E50C1FC2A4B191300FBFFB8 /* Assets.xcassets */; };
		8E50C2002A4B191300FBFFB8 /* Preview Assets.xcassets in Resources */ = {isa = PBXBuildFile; fileRef = 8E50C1FF2A4B191300FBFFB8 /* Preview Assets.xcassets */; };
		8E50C2072A4B19D500FBFFB8 /* Movie.swift in Sources */ = {isa = PBXBuildFile; fileRef = 8E50C2062A4B19D500FBFFB8 /* Movie.swift */; };
		8E50C20C2A4B225400FBFFB8 /* MoviesService.swift in Sources */ = {isa = PBXBuildFile; fileRef = 8E50C20B2A4B225400FBFFB8 /* MoviesService.swift */; };
		8E50C20F2A4B2C0100FBFFB8 /* MoviesViewModel.swift in Sources */ = {isa = PBXBuildFile; fileRef = 8E50C20E2A4B2C0100FBFFB8 /* MoviesViewModel.swift */; };
		8E50C2112A4B570600FBFFB8 /* CastService.swift in Sources */ = {isa = PBXBuildFile; fileRef = 8E50C2102A4B570600FBFFB8 /* CastService.swift */; };
		8E50C2132A4B571A00FBFFB8 /* MovieCastMember.swift in Sources */ = {isa = PBXBuildFile; fileRef = 8E50C2122A4B571A00FBFFB8 /* MovieCastMember.swift */; };
		8E50C2152A4B588400FBFFB8 /* MovieDetailView.swift in Sources */ = {isa = PBXBuildFile; fileRef = 8E50C2142A4B588400FBFFB8 /* MovieDetailView.swift */; };
/* End PBXBuildFile section */

/* Begin PBXFileReference section */
		8E50C1F52A4B191100FBFFB8 /* MovieDatabaseSwiftUI.app */ = {isa = PBXFileReference; explicitFileType = wrapper.application; includeInIndex = 0; path = MovieDatabaseSwiftUI.app; sourceTree = BUILT_PRODUCTS_DIR; };
		8E50C1F82A4B191100FBFFB8 /* MovieDatabaseSwiftUIApp.swift */ = {isa = PBXFileReference; lastKnownFileType = sourcecode.swift; path = MovieDatabaseSwiftUIApp.swift; sourceTree = "<group>"; };
		8E50C1FA2A4B191100FBFFB8 /* MoviesView.swift */ = {isa = PBXFileReference; lastKnownFileType = sourcecode.swift; path = MoviesView.swift; sourceTree = "<group>"; };
		8E50C1FC2A4B191300FBFFB8 /* Assets.xcassets */ = {isa = PBXFileReference; lastKnownFileType = folder.assetcatalog; path = Assets.xcassets; sourceTree = "<group>"; };
		8E50C1FF2A4B191300FBFFB8 /* Preview Assets.xcassets */ = {isa = PBXFileReference; lastKnownFileType = folder.assetcatalog; path = "Preview Assets.xcassets"; sourceTree = "<group>"; };
		8E50C2062A4B19D500FBFFB8 /* Movie.swift */ = {isa = PBXFileReference; lastKnownFileType = sourcecode.swift; path = Movie.swift; sourceTree = "<group>"; };
		8E50C20B2A4B225400FBFFB8 /* MoviesService.swift */ = {isa = PBXFileReference; lastKnownFileType = sourcecode.swift; path = MoviesService.swift; sourceTree = "<group>"; };
		8E50C20E2A4B2C0100FBFFB8 /* MoviesViewModel.swift */ = {isa = PBXFileReference; lastKnownFileType = sourcecode.swift; path = MoviesViewModel.swift; sourceTree = "<group>"; };
		8E50C2102A4B570600FBFFB8 /* CastService.swift */ = {isa = PBXFileReference; lastKnownFileType = sourcecode.swift; path = CastService.swift; sourceTree = "<group>"; };
		8E50C2122A4B571A00FBFFB8 /* MovieCastMember.swift */ = {isa = PBXFileReference; lastKnownFileType = sourcecode.swift; path = MovieCastMember.swift; sourceTree = "<group>"; };
		8E50C2142A4B588400FBFFB8 /* MovieDetailView.swift */ = {isa = PBXFileReference; lastKnownFileType = sourcecode.swift; path = MovieDetailView.swift; sourceTree = "<group>"; };
/* End PBXFileReference section */

/* Begin PBXFrameworksBuildPhase section */
		8E50C1F22A4B191100FBFFB8 /* Frameworks */ = {
			isa = PBXFrameworksBuildPhase;
			buildActionMask = 2147483647;
			files = (
			);
			runOnlyForDeploymentPostprocessing = 0;
		};
/* End PBXFrameworksBuildPhase section */

/* Begin PBXGroup section */
		8E50C1EC2A4B191100FBFFB8 = {
			isa = PBXGroup;
			children = (
				8E50C1F72A4B191100FBFFB8 /* MovieDatabaseSwiftUI */,
				8E50C1F62A4B191100FBFFB8 /* Products */,
			);
			sourceTree = "<group>";
		};
		8E50C1F62A4B191100FBFFB8 /* Products */ = {
			isa = PBXGroup;
			children = (
				8E50C1F52A4B191100FBFFB8 /* MovieDatabaseSwiftUI.app */,
			);
			name = Products;
			sourceTree = "<group>";
		};
		8E50C1F72A4B191100FBFFB8 /* MovieDatabaseSwiftUI */ = {
			isa = PBXGroup;
			children = (
				8E50C1F82A4B191100FBFFB8 /* MovieDatabaseSwiftUIApp.swift */,
				8E50C20D2A4B2BD700FBFFB8 /* ViewModels */,
				8E50C20A2A4B21BE00FBFFB8 /* Services */,
				8E50C2092A4B21A600FBFFB8 /* Models */,
				8E50C2082A4B219E00FBFFB8 /* Views */,
				8E50C1FC2A4B191300FBFFB8 /* Assets.xcassets */,
				8E50C1FE2A4B191300FBFFB8 /* Preview Content */,
			);
			path = MovieDatabaseSwiftUI;
			sourceTree = "<group>";
		};
		8E50C1FE2A4B191300FBFFB8 /* Preview Content */ = {
			isa = PBXGroup;
			children = (
				8E50C1FF2A4B191300FBFFB8 /* Preview Assets.xcassets */,
			);
			path = "Preview Content";
			sourceTree = "<group>";
		};
		8E50C2082A4B219E00FBFFB8 /* Views */ = {
			isa = PBXGroup;
			children = (
				8E50C1FA2A4B191100FBFFB8 /* MoviesView.swift */,
				8E50C2142A4B588400FBFFB8 /* MovieDetailView.swift */,
			);
			path = Views;
			sourceTree = "<group>";
		};
		8E50C2092A4B21A600FBFFB8 /* Models */ = {
			isa = PBXGroup;
			children = (
				8E50C2062A4B19D500FBFFB8 /* Movie.swift */,
				8E50C2122A4B571A00FBFFB8 /* MovieCastMember.swift */,
			);
			path = Models;
			sourceTree = "<group>";
		};
		8E50C20A2A4B21BE00FBFFB8 /* Services */ = {
			isa = PBXGroup;
			children = (
				8E50C20B2A4B225400FBFFB8 /* MoviesService.swift */,
				8E50C2102A4B570600FBFFB8 /* CastService.swift */,
			);
			path = Services;
			sourceTree = "<group>";
		};
		8E50C20D2A4B2BD700FBFFB8 /* ViewModels */ = {
			isa = PBXGroup;
			children = (
				8E50C20E2A4B2C0100FBFFB8 /* MoviesViewModel.swift */,
			);
			path = ViewModels;
			sourceTree = "<group>";
		};
/* End PBXGroup section */

/* Begin PBXNativeTarget section */
		8E50C1F42A4B191100FBFFB8 /* MovieDatabaseSwiftUI */ = {
			isa = PBXNativeTarget;
			buildConfigurationList = 8E50C2032A4B191300FBFFB8 /* Build configuration list for PBXNativeTarget "MovieDatabaseSwiftUI" */;
			buildPhases = (
				8E50C1F12A4B191100FBFFB8 /* Sources */,
				8E50C1F22A4B191100FBFFB8 /* Frameworks */,
				8E50C1F32A4B191100FBFFB8 /* Resources */,
			);
			buildRules = (
			);
			dependencies = (
			);
			name = MovieDatabaseSwiftUI;
			productName = MovieDatabaseSwiftUI;
			productReference = 8E50C1F52A4B191100FBFFB8 /* MovieDatabaseSwiftUI.app */;
			productType = "com.apple.product-type.application";
		};
/* End PBXNativeTarget section */

/* Begin PBXProject section */
		8E50C1ED2A4B191100FBFFB8 /* Project object */ = {
			isa = PBXProject;
			attributes = {
				BuildIndependentTargetsInParallel = 1;
				LastSwiftUpdateCheck = 1430;
				LastUpgradeCheck = 1430;
				TargetAttributes = {
					8E50C1F42A4B191100FBFFB8 = {
						CreatedOnToolsVersion = 14.3.1;
					};
				};
			};
			buildConfigurationList = 8E50C1F02A4B191100FBFFB8 /* Build configuration list for PBXProject "MovieDatabaseSwiftUI" */;
			compatibilityVersion = "Xcode 14.0";
			developmentRegion = en;
			hasScannedForEncodings = 0;
			knownRegions = (
				en,
				Base,
			);
			mainGroup = 8E50C1EC2A4B191100FBFFB8;
			productRefGroup = 8E50C1F62A4B191100FBFFB8 /* Products */;
			projectDirPath = "";
			projectRoot = "";
			targets = (
				8E50C1F42A4B191100FBFFB8 /* MovieDatabaseSwiftUI */,
			);
		};
/* End PBXProject section */

/* Begin PBXResourcesBuildPhase section */
		8E50C1F32A4B191100FBFFB8 /* Resources */ = {
			isa = PBXResourcesBuildPhase;
			buildActionMask = 2147483647;
			files = (
				8E50C2002A4B191300FBFFB8 /* Preview Assets.xcassets in Resources */,
				8E50C1FD2A4B191300FBFFB8 /* Assets.xcassets in Resources */,
			);
			runOnlyForDeploymentPostprocessing = 0;
		};
/* End PBXResourcesBuildPhase section */

/* Begin PBXSourcesBuildPhase section */
		8E50C1F12A4B191100FBFFB8 /* Sources */ = {
			isa = PBXSourcesBuildPhase;
			buildActionMask = 2147483647;
			files = (
				8E50C2112A4B570600FBFFB8 /* CastService.swift in Sources */,
				8E50C1FB2A4B191100FBFFB8 /* MoviesView.swift in Sources */,
				8E50C1F92A4B191100FBFFB8 /* MovieDatabaseSwiftUIApp.swift in Sources */,
				8E50C20C2A4B225400FBFFB8 /* MoviesService.swift in Sources */,
				8E50C2132A4B571A00FBFFB8 /* MovieCastMember.swift in Sources */,
				8E50C2072A4B19D500FBFFB8 /* Movie.swift in Sources */,
				8E50C2152A4B588400FBFFB8 /* MovieDetailView.swift in Sources */,
				8E50C20F2A4B2C0100FBFFB8 /* MoviesViewModel.swift in Sources */,
			);
			runOnlyForDeploymentPostprocessing = 0;
		};
/* End PBXSourcesBuildPhase section */

/* Begin XCBuildConfiguration section */
		8E50C2012A4B191300FBFFB8 /* Debug */ = {
			isa = XCBuildConfiguration;
			buildSettings = {
				ALWAYS_SEARCH_USER_PATHS = NO;
				CLANG_ANALYZER_NONNULL = YES;
				CLANG_ANALYZER_NUMBER_OBJECT_CONVERSION = YES_AGGRESSIVE;
				CLANG_CXX_LANGUAGE_STANDARD = "gnu++20";
				CLANG_ENABLE_MODULES = YES;
				CLANG_ENABLE_OBJC_ARC = YES;
				CLANG_ENABLE_OBJC_WEAK = YES;
				CLANG_WARN_BLOCK_CAPTURE_AUTORELEASING = YES;
				CLANG_WARN_BOOL_CONVERSION = YES;
				CLANG_WARN_COMMA = YES;
				CLANG_WARN_CONSTANT_CONVERSION = YES;
				CLANG_WARN_DEPRECATED_OBJC_IMPLEMENTATIONS = YES;
				CLANG_WARN_DIRECT_OBJC_ISA_USAGE = YES_ERROR;
				CLANG_WARN_DOCUMENTATION_COMMENTS = YES;
				CLANG_WARN_EMPTY_BODY = YES;
				CLANG_WARN_ENUM_CONVERSION = YES;
				CLANG_WARN_INFINITE_RECURSION = YES;
				CLANG_WARN_INT_CONVERSION = YES;
				CLANG_WARN_NON_LITERAL_NULL_CONVERSION = YES;
				CLANG_WARN_OBJC_IMPLICIT_RETAIN_SELF = YES;
				CLANG_WARN_OBJC_LITERAL_CONVERSION = YES;
				CLANG_WARN_OBJC_ROOT_CLASS = YES_ERROR;
				CLANG_WARN_QUOTED_INCLUDE_IN_FRAMEWORK_HEADER = YES;
				CLANG_WARN_RANGE_LOOP_ANALYSIS = YES;
				CLANG_WARN_STRICT_PROTOTYPES = YES;
				CLANG_WARN_SUSPICIOUS_MOVE = YES;
				CLANG_WARN_UNGUARDED_AVAILABILITY = YES_AGGRESSIVE;
				CLANG_WARN_UNREACHABLE_CODE = YES;
				CLANG_WARN__DUPLICATE_METHOD_MATCH = YES;
				COPY_PHASE_STRIP = NO;
				DEBUG_INFORMATION_FORMAT = dwarf;
				ENABLE_STRICT_OBJC_MSGSEND = YES;
				ENABLE_TESTABILITY = YES;
				GCC_C_LANGUAGE_STANDARD = gnu11;
				GCC_DYNAMIC_NO_PIC = NO;
				GCC_NO_COMMON_BLOCKS = YES;
				GCC_OPTIMIZATION_LEVEL = 0;
				GCC_PREPROCESSOR_DEFINITIONS = (
					"DEBUG=1",
					"$(inherited)",
				);
				GCC_WARN_64_TO_32_BIT_CONVERSION = YES;
				GCC_WARN_ABOUT_RETURN_TYPE = YES_ERROR;
				GCC_WARN_UNDECLARED_SELECTOR = YES;
				GCC_WARN_UNINITIALIZED_AUTOS = YES_AGGRESSIVE;
				GCC_WARN_UNUSED_FUNCTION = YES;
				GCC_WARN_UNUSED_VARIABLE = YES;
				IPHONEOS_DEPLOYMENT_TARGET = 16.4;
				MTL_ENABLE_DEBUG_INFO = INCLUDE_SOURCE;
				MTL_FAST_MATH = YES;
				ONLY_ACTIVE_ARCH = YES;
				SDKROOT = iphoneos;
				SWIFT_ACTIVE_COMPILATION_CONDITIONS = DEBUG;
				SWIFT_OPTIMIZATION_LEVEL = "-Onone";
			};
			name = Debug;
		};
		8E50C2022A4B191300FBFFB8 /* Release */ = {
			isa = XCBuildConfiguration;
			buildSettings = {
				ALWAYS_SEARCH_USER_PATHS = NO;
				CLANG_ANALYZER_NONNULL = YES;
				CLANG_ANALYZER_NUMBER_OBJECT_CONVERSION = YES_AGGRESSIVE;
				CLANG_CXX_LANGUAGE_STANDARD = "gnu++20";
				CLANG_ENABLE_MODULES = YES;
				CLANG_ENABLE_OBJC_ARC = YES;
				CLANG_ENABLE_OBJC_WEAK = YES;
				CLANG_WARN_BLOCK_CAPTURE_AUTORELEASING = YES;
				CLANG_WARN_BOOL_CONVERSION = YES;
				CLANG_WARN_COMMA = YES;
				CLANG_WARN_CONSTANT_CONVERSION = YES;
				CLANG_WARN_DEPRECATED_OBJC_IMPLEMENTATIONS = YES;
				CLANG_WARN_DIRECT_OBJC_ISA_USAGE = YES_ERROR;
				CLANG_WARN_DOCUMENTATION_COMMENTS = YES;
				CLANG_WARN_EMPTY_BODY = YES;
				CLANG_WARN_ENUM_CONVERSION = YES;
				CLANG_WARN_INFINITE_RECURSION = YES;
				CLANG_WARN_INT_CONVERSION = YES;
				CLANG_WARN_NON_LITERAL_NULL_CONVERSION = YES;
				CLANG_WARN_OBJC_IMPLICIT_RETAIN_SELF = YES;
				CLANG_WARN_OBJC_LITERAL_CONVERSION = YES;
				CLANG_WARN_OBJC_ROOT_CLASS = YES_ERROR;
				CLANG_WARN_QUOTED_INCLUDE_IN_FRAMEWORK_HEADER = YES;
				CLANG_WARN_RANGE_LOOP_ANALYSIS = YES;
				CLANG_WARN_STRICT_PROTOTYPES = YES;
				CLANG_WARN_SUSPICIOUS_MOVE = YES;
				CLANG_WARN_UNGUARDED_AVAILABILITY = YES_AGGRESSIVE;
				CLANG_WARN_UNREACHABLE_CODE = YES;
				CLANG_WARN__DUPLICATE_METHOD_MATCH = YES;
				COPY_PHASE_STRIP = NO;
				DEBUG_INFORMATION_FORMAT = "dwarf-with-dsym";
				ENABLE_NS_ASSERTIONS = NO;
				ENABLE_STRICT_OBJC_MSGSEND = YES;
				GCC_C_LANGUAGE_STANDARD = gnu11;
				GCC_NO_COMMON_BLOCKS = YES;
				GCC_WARN_64_TO_32_BIT_CONVERSION = YES;
				GCC_WARN_ABOUT_RETURN_TYPE = YES_ERROR;
				GCC_WARN_UNDECLARED_SELECTOR = YES;
				GCC_WARN_UNINITIALIZED_AUTOS = YES_AGGRESSIVE;
				GCC_WARN_UNUSED_FUNCTION = YES;
				GCC_WARN_UNUSED_VARIABLE = YES;
				IPHONEOS_DEPLOYMENT_TARGET = 16.4;
				MTL_ENABLE_DEBUG_INFO = NO;
				MTL_FAST_MATH = YES;
				SDKROOT = iphoneos;
				SWIFT_COMPILATION_MODE = wholemodule;
				SWIFT_OPTIMIZATION_LEVEL = "-O";
				VALIDATE_PRODUCT = YES;
			};
			name = Release;
		};
		8E50C2042A4B191300FBFFB8 /* Debug */ = {
			isa = XCBuildConfiguration;
			buildSettings = {
				ASSETCATALOG_COMPILER_APPICON_NAME = AppIcon;
				ASSETCATALOG_COMPILER_GLOBAL_ACCENT_COLOR_NAME = AccentColor;
				CODE_SIGN_STYLE = Automatic;
				CURRENT_PROJECT_VERSION = 1;
				DEVELOPMENT_ASSET_PATHS = "\"MovieDatabaseSwiftUI/Preview Content\"";
				DEVELOPMENT_TEAM = KA3ACSM694;
				ENABLE_PREVIEWS = YES;
				GENERATE_INFOPLIST_FILE = YES;
				INFOPLIST_KEY_UIApplicationSceneManifest_Generation = YES;
				INFOPLIST_KEY_UIApplicationSupportsIndirectInputEvents = YES;
				INFOPLIST_KEY_UILaunchScreen_Generation = YES;
				INFOPLIST_KEY_UISupportedInterfaceOrientations_iPad = "UIInterfaceOrientationPortrait UIInterfaceOrientationPortraitUpsideDown UIInterfaceOrientationLandscapeLeft UIInterfaceOrientationLandscapeRight";
				INFOPLIST_KEY_UISupportedInterfaceOrientations_iPhone = "UIInterfaceOrientationPortrait UIInterfaceOrientationLandscapeLeft UIInterfaceOrientationLandscapeRight";
				LD_RUNPATH_SEARCH_PATHS = (
					"$(inherited)",
					"@executable_path/Frameworks",
				);
				MARKETING_VERSION = 1.0;
				PRODUCT_BUNDLE_IDENTIFIER = com.tiffanysakaguchi.MovieDatabaseSwiftUI;
				PRODUCT_NAME = "$(TARGET_NAME)";
				SWIFT_EMIT_LOC_STRINGS = YES;
				SWIFT_VERSION = 5.0;
				TARGETED_DEVICE_FAMILY = "1,2";
			};
			name = Debug;
		};
		8E50C2052A4B191300FBFFB8 /* Release */ = {
			isa = XCBuildConfiguration;
			buildSettings = {
				ASSETCATALOG_COMPILER_APPICON_NAME = AppIcon;
				ASSETCATALOG_COMPILER_GLOBAL_ACCENT_COLOR_NAME = AccentColor;
				CODE_SIGN_STYLE = Automatic;
				CURRENT_PROJECT_VERSION = 1;
				DEVELOPMENT_ASSET_PATHS = "\"MovieDatabaseSwiftUI/Preview Content\"";
				DEVELOPMENT_TEAM = KA3ACSM694;
				ENABLE_PREVIEWS = YES;
				GENERATE_INFOPLIST_FILE = YES;
				INFOPLIST_KEY_UIApplicationSceneManifest_Generation = YES;
				INFOPLIST_KEY_UIApplicationSupportsIndirectInputEvents = YES;
				INFOPLIST_KEY_UILaunchScreen_Generation = YES;
				INFOPLIST_KEY_UISupportedInterfaceOrientations_iPad = "UIInterfaceOrientationPortrait UIInterfaceOrientationPortraitUpsideDown UIInterfaceOrientationLandscapeLeft UIInterfaceOrientationLandscapeRight";
				INFOPLIST_KEY_UISupportedInterfaceOrientations_iPhone = "UIInterfaceOrientationPortrait UIInterfaceOrientationLandscapeLeft UIInterfaceOrientationLandscapeRight";
				LD_RUNPATH_SEARCH_PATHS = (
					"$(inherited)",
					"@executable_path/Frameworks",
				);
				MARKETING_VERSION = 1.0;
				PRODUCT_BUNDLE_IDENTIFIER = com.tiffanysakaguchi.MovieDatabaseSwiftUI;
				PRODUCT_NAME = "$(TARGET_NAME)";
				SWIFT_EMIT_LOC_STRINGS = YES;
				SWIFT_VERSION = 5.0;
				TARGETED_DEVICE_FAMILY = "1,2";
			};
			name = Release;
		};
/* End XCBuildConfiguration section */

/* Begin XCConfigurationList section */
		8E50C1F02A4B191100FBFFB8 /* Build configuration list for PBXProject "MovieDatabaseSwiftUI" */ = {
			isa = XCConfigurationList;
			buildConfigurations = (
				8E50C2012A4B191300FBFFB8 /* Debug */,
				8E50C2022A4B191300FBFFB8 /* Release */,
			);
			defaultConfigurationIsVisible = 0;
			defaultConfigurationName = Release;
		};
		8E50C2032A4B191300FBFFB8 /* Build configuration list for PBXNativeTarget "MovieDatabaseSwiftUI" */ = {
			isa = XCConfigurationList;
			buildConfigurations = (
				8E50C2042A4B191300FBFFB8 /* Debug */,
				8E50C2052A4B191300FBFFB8 /* Release */,
			);
			defaultConfigurationIsVisible = 0;
			defaultConfigurationName = Release;
		};
/* End XCConfigurationList section */
	};
	rootObject = 8E50C1ED2A4B191100FBFFB8 /* Project object */;
}
